# This file was autogenerated by Stack.
# You should not edit this file by hand.
# For more information, please see the documentation at:
#   https://docs.haskellstack.org/en/stable/lock_files

packages:
- completed:
    hackage: aeson-2.1.2.1@sha256:f10f3c661bd5cf57aee46b94420e47736240b8e209ac15f4bfc1a4e4d55831fa,6344
    pantry-tree:
      sha256: 8109d6674450841953af7929dbdcf5be9c5c399c3bfa2169b88c3f00c4b429d6
      size: 82465
  original:
    hackage: aeson-2.1.2.1@sha256:f10f3c661bd5cf57aee46b94420e47736240b8e209ac15f4bfc1a4e4d55831fa,6344
- completed:
    hackage: bytestring-0.11.4.0@sha256:55390b63bbd7846aab6b16b7b255cf5108a3a422798a1e9a3b674eb0c68ac20c,7491
    pantry-tree:
      sha256: 316f6236418a55418c760077f59e5e6e46d969e7601c833e0d87cd6dfb90e42d
      size: 4019
  original:
    hackage: bytestring-0.11.4.0@sha256:55390b63bbd7846aab6b16b7b255cf5108a3a422798a1e9a3b674eb0c68ac20c,7491
- completed:
    hackage: filepath-1.4.100.3@sha256:ab6e3330c42817b0effb14cae9c60d5cdc41d61f7354d04bc529ed031113f27c,5623
    pantry-tree:
      sha256: f1b2b6c62b0de17f7a63a1ee7e9a9810fc6a76ecd1d5db7e7b1c44802d83ea10
      size: 3407
  original:
    hackage: filepath-1.4.100.3@sha256:ab6e3330c42817b0effb14cae9c60d5cdc41d61f7354d04bc529ed031113f27c,5623
- completed:
    hackage: iris-0.1.0.0@sha256:dd6d664b87dc78b9a2f3b7316dedb5aacdaebb84083f97c50625c5d445edf288,3787
    pantry-tree:
      sha256: c4273cac72fa250b4e3dc25dbb408589b5c7a63e02d6eb18b80ce3ebf342b3c4
      size: 1614
  original:
    hackage: iris-0.1.0.0@sha256:dd6d664b87dc78b9a2f3b7316dedb5aacdaebb84083f97c50625c5d445edf288,3787
- completed:
    hackage: megaparsec-9.3.0@sha256:5836aed85cdc87025c2e947040331f2a3cde32911db3b841161c6f3dc4fc5f4f,3219
    pantry-tree:
      sha256: 5373bad5ded9d65b4947b0cda8720e73bcb2321f3e45e6487596803bc56d65f9
      size: 1519
  original:
    hackage: megaparsec-9.3.0@sha256:5836aed85cdc87025c2e947040331f2a3cde32911db3b841161c6f3dc4fc5f4f,3219
- completed:
    hackage: modern-uri-0.3.6.0@sha256:23bab35651b0b3456370ef014b569b34f95c43f1a9dd7c3c8ca61995423494b2,3462
    pantry-tree:
      sha256: 2264dbdf60cacbed7c74451e9af98d01d07ce1a176d142536312dd9cbcdeea8c
      size: 1045
  original:
    hackage: modern-uri-0.3.6.0@sha256:23bab35651b0b3456370ef014b569b34f95c43f1a9dd7c3c8ca61995423494b2,3462
- completed:
    hackage: mtl-2.3.1@sha256:5377696d7315e2ef31a8d15d67b22d733c20cac2caf8b26756ff8524c8217e6d,1868
    pantry-tree:
      sha256: ac3cf1dc9ef397512d4bf8f2c3fbe4d64fb8aabd253288b34bf86c09ae234d4f
      size: 1853
  original:
    hackage: mtl-2.3.1@sha256:5377696d7315e2ef31a8d15d67b22d733c20cac2caf8b26756ff8524c8217e6d,1868
- completed:
    hackage: optparse-applicative-0.17.0.0@sha256:0713e54cbb341e5cae979e2ac441eb3a5ff42e303001f432bd58c19e5638bdda,4967
    pantry-tree:
      sha256: 3b4398845ee6718fe2303870a5ab75bd190eb712fed2f22caaae30f790c490fd
      size: 3124
  original:
    hackage: optparse-applicative-0.17.0.0@sha256:0713e54cbb341e5cae979e2ac441eb3a5ff42e303001f432bd58c19e5638bdda,4967
- completed:
    hackage: parser-combinators-1.3.0@sha256:edd54ba56cbae8fadbcceebcfef31b2c70a835e92e5eda41151b939c40647281,1570
    pantry-tree:
      sha256: 0754c8d3f213156877f8085da2ad74433167a6c30272b8b64119a2628bd7ade0
      size: 795
  original:
    hackage: parser-combinators-1.3.0@sha256:edd54ba56cbae8fadbcceebcfef31b2c70a835e92e5eda41151b939c40647281,1570
- completed:
    hackage: pretty-terminal-0.1.0.0@sha256:e9135d86ebb2a8e3aaf5a79088de4628dbd49988388e0fbfc26c5ecb3c399ad9,1638
    pantry-tree:
      sha256: fecec01e618890c284e57cb873b8f9531f479562b7cf08497aef097da3ef90ec
      size: 385
  original:
    hackage: pretty-terminal-0.1.0.0@sha256:e9135d86ebb2a8e3aaf5a79088de4628dbd49988388e0fbfc26c5ecb3c399ad9,1638
- completed:
    hackage: prettyprinter-1.7.1@sha256:9c43c9d8c3cd9f445596e5a2379574bba87f935a4d1fa41b5407ee3cf4edc743,6987
    pantry-tree:
      sha256: cd6f393bf7cba603a1958a139915fc343efd5488e36fd7b3b5c6956c002d04fa
      size: 3460
  original:
    hackage: prettyprinter-1.7.1@sha256:9c43c9d8c3cd9f445596e5a2379574bba87f935a4d1fa41b5407ee3cf4edc743,6987
- completed:
    hackage: req-3.13.0@sha256:5b6c2c0d7bae271bf0a4b0fd02b99a50b34c608960bc14d3a3ed2e29e40def47,3836
    pantry-tree:
      sha256: b97d2cf2d388bc16908a823b2cd63deb692c4bcc310af943e832cc8cdd15713b
      size: 711
  original:
    hackage: req-3.13.0@sha256:5b6c2c0d7bae271bf0a4b0fd02b99a50b34c608960bc14d3a3ed2e29e40def47,3836
- completed:
    hackage: transformers-0.6.1.0@sha256:7e7feea5fc9071375a973a48290fee6664e3eba38eb7028ce04850911f1ad0d4,3146
    pantry-tree:
      sha256: d3c0d29caf4101796285ba7853052dc370f204e7271738296ee68b114ae917ef
      size: 2376
  original:
    hackage: transformers-0.6.1.0@sha256:7e7feea5fc9071375a973a48290fee6664e3eba38eb7028ce04850911f1ad0d4,3146
- completed:
    hackage: OneTuple-0.4.1.1@sha256:be0324c77a0eaf1d48b771b7e86f2b19d53a9f5ecc6ab2c914dab7dad309c671,2539
    pantry-tree:
      sha256: 0b8ec13ca2142bd780b37da757cc2b99f4a72f97e0ed4d5f6dcbb68e78c7c828
      size: 506
  original:
    hackage: OneTuple-0.4.1.1@sha256:be0324c77a0eaf1d48b771b7e86f2b19d53a9f5ecc6ab2c914dab7dad309c671,2539
- completed:
    hackage: QuickCheck-2.14.2@sha256:4ce29211223d5e6620ebceba34a3ca9ccf1c10c0cf387d48aea45599222ee5aa,7736
    pantry-tree:
      sha256: 2fe423d0ed7cd64f0f165d708779f48814e66c4f181c568468134af55d86a5f8
      size: 2315
  original:
    hackage: QuickCheck-2.14.2@sha256:4ce29211223d5e6620ebceba34a3ca9ccf1c10c0cf387d48aea45599222ee5aa,7736
- completed:
    hackage: ansi-terminal-0.11.4@sha256:410737137c798e23339a08435a5511785ebf1db08700e37debbd7801cf73fc82,3584
    pantry-tree:
      sha256: 49bc6ef92292ee8b663a40cf5170af1efaaa4ed84155b65ad41eabf1faf9b18f
      size: 1462
  original:
    hackage: ansi-terminal-0.11.4@sha256:410737137c798e23339a08435a5511785ebf1db08700e37debbd7801cf73fc82,3584
- completed:
    hackage: ansi-wl-pprint-0.6.9@sha256:212144ea0623b1170807a4162db05d87f26cf10b334aeadd0edb377aba06a1ce,2425
    pantry-tree:
      sha256: 0a2390ba39c3b84f68e382cb25b58cea66d61a89dab818bb5e2a6c12642e2e21
      size: 472
  original:
    hackage: ansi-wl-pprint-0.6.9@sha256:212144ea0623b1170807a4162db05d87f26cf10b334aeadd0edb377aba06a1ce,2425
- completed:
    hackage: attoparsec-0.14.4@sha256:50475b722305175f57a3ee3dbaee10aa4b91f61c9717b85b718a7df37c223fb2,5679
    pantry-tree:
      sha256: f5e3aab89e949b76e7e3219ac35ee2a7133b746a36c755b8cbcc39a3ac2ee446
      size: 5039
  original:
    hackage: attoparsec-0.14.4@sha256:50475b722305175f57a3ee3dbaee10aa4b91f61c9717b85b718a7df37c223fb2,5679
- completed:
    hackage: authenticate-oauth-1.7@sha256:af2b03698756b2bbb42b8d30236b4d012e31db2b7ce63753158f63d5b0a81da5,1640
    pantry-tree:
      sha256: af69c8d16545b3fd8708f6b008e4d91cb03f31491e1f4b95a7a340971741a6a0
      size: 399
  original:
    hackage: authenticate-oauth-1.7@sha256:af2b03698756b2bbb42b8d30236b4d012e31db2b7ce63753158f63d5b0a81da5,1640
- completed:
    hackage: base-compat-batteries-0.12.2@sha256:ecf0bb2b39be54f1ffa185d37663702b0651d34d1cdcc32d32bb8f7279396afe,8627
    pantry-tree:
      sha256: 542c975ff6d622880aa67aaf4dd9bbe403d6d8666b868681305751e85d50fb38
      size: 11169
  original:
    hackage: base-compat-batteries-0.12.2@sha256:ecf0bb2b39be54f1ffa185d37663702b0651d34d1cdcc32d32bb8f7279396afe,8627
- completed:
    hackage: blaze-builder-0.4.2.2@sha256:f0017df374c330de0ebe0eb15eae8c48427bddefa1d81a3cb31c0a4812ecdb08,3685
    pantry-tree:
      sha256: 5b6b4f7b1c9ca98bd7cb979849fc9e018b48ef49089c98b2766179b5087695ea
      size: 3102
  original:
    hackage: blaze-builder-0.4.2.2@sha256:f0017df374c330de0ebe0eb15eae8c48427bddefa1d81a3cb31c0a4812ecdb08,3685
- completed:
    hackage: case-insensitive-1.2.1.0@sha256:9dfd3171fc7698cf8d931727d3af3a7b389135b583e46b5adac1f9d2026fff61,2244
    pantry-tree:
      sha256: d6f175b17eacce002fc5336c17e119d989bd97f8ad9702446163c9e27c7c79b7
      size: 688
  original:
    hackage: case-insensitive-1.2.1.0@sha256:9dfd3171fc7698cf8d931727d3af3a7b389135b583e46b5adac1f9d2026fff61,2244
- completed:
    hackage: connection-0.3.1@sha256:65da1c055610095733bcd228d85dff80804b23a5d18fede994a0f9fcd1b0c121,1554
    pantry-tree:
      sha256: 13a2c21049e69068e4c3d725533d94729772f2d3e05f5ef611bef28363b08798
      size: 386
  original:
    hackage: connection-0.3.1@sha256:65da1c055610095733bcd228d85dff80804b23a5d18fede994a0f9fcd1b0c121,1554
- completed:
    hackage: contravariant-1.5.5@sha256:470ed0e040e879e2da4af1b2c8f94e199f6135852a8107858d5ae0a95365835f,3041
    pantry-tree:
      sha256: 9eb62fea28548dc8a0f60fd47c12843092b78b24ed771b8ad63a0bb34dba8bc4
      size: 652
  original:
    hackage: contravariant-1.5.5@sha256:470ed0e040e879e2da4af1b2c8f94e199f6135852a8107858d5ae0a95365835f,3041
- completed:
    hackage: data-fix-0.3.2@sha256:bdea17f6b17c1d327f53ae6806e1bc3ca7813b46742a93c6088c72837c8ae77c,1706
    pantry-tree:
      sha256: cc8600c8ee898aae772f3aa15a23313bf6f901e61e42670454a2ccb4ffc60f84
      size: 262
  original:
    hackage: data-fix-0.3.2@sha256:bdea17f6b17c1d327f53ae6806e1bc3ca7813b46742a93c6088c72837c8ae77c,1706
- completed:
    hackage: directory-1.3.7.1@sha256:1125a0a4be3aafc8da208940f219d4e4df8a0db87d892cc42bb369071855c590,2841
    pantry-tree:
      sha256: 36e5625cbb1632a6eca540db79f63dbe7db287f8dde6e3eac6763bed73b6a1f6
      size: 3503
  original:
    hackage: directory-1.3.7.1@sha256:1125a0a4be3aafc8da208940f219d4e4df8a0db87d892cc42bb369071855c590,2841
- completed:
    hackage: dlist-1.0@sha256:124cb3aa1decebd5171b46601b1f74cca6cfae12d266ace3799b86dd05ef7cb4,3560
    pantry-tree:
      sha256: 8467afe9c94b2756e5703fed0950b51418bd877acbdd72e9dc3488b8f28f4e82
      size: 953
  original:
    hackage: dlist-1.0@sha256:124cb3aa1decebd5171b46601b1f74cca6cfae12d266ace3799b86dd05ef7cb4,3560
- completed:
    hackage: exceptions-0.10.7@sha256:60ccc2277f8fa98a1a03c42afd9c589ba33ce208eaaef7d69bfbb42ce09d1816,2803
    pantry-tree:
      sha256: d120a93fe716375208630bd9a2079d325d230dfa4d4909c00ac8d110da42c05c
      size: 739
  original:
    hackage: exceptions-0.10.7@sha256:60ccc2277f8fa98a1a03c42afd9c589ba33ce208eaaef7d69bfbb42ce09d1816,2803
- completed:
    hackage: generically-0.1@sha256:16d54a08bcdf708395c2200a28ffcba55e90479dc96ed617dbb94f0411f7a7af,1024
    pantry-tree:
      sha256: 302b140ee5ccf6754ab96154486051f9ab989d3cbaa7c9674e1e9f0de7cdd07b
      size: 232
  original:
    hackage: generically-0.1@sha256:16d54a08bcdf708395c2200a28ffcba55e90479dc96ed617dbb94f0411f7a7af,1024
- completed:
    hackage: hashable-1.4.2.0@sha256:02acedd7ac829b52756fe481a1d53294d8f5d42aaa56df560c62c6cec3587a14,4483
    pantry-tree:
      sha256: 6b315c3489f0d54b2db36720e2d53b15ab07d9a9c256c0fbc5ec529e2adbb8ba
      size: 1248
  original:
    hackage: hashable-1.4.2.0@sha256:02acedd7ac829b52756fe481a1d53294d8f5d42aaa56df560c62c6cec3587a14,4483
- completed:
    hackage: http-api-data-0.5@sha256:f304551bbdbf3d7ca842fd9e12516a673bf0ea41bfabd6c3c68c0054295098bd,3522
    pantry-tree:
      sha256: aa8ccc631a7b10c1f582384a894ca538114a226a6ad1646c40f60785d93fed75
      size: 887
  original:
    hackage: http-api-data-0.5@sha256:f304551bbdbf3d7ca842fd9e12516a673bf0ea41bfabd6c3c68c0054295098bd,3522
- completed:
    hackage: http-client-0.7.13.1@sha256:6480749144f27919547733262f06a6ae3c759b57b692af53f9beb309d05a1699,5777
    pantry-tree:
      sha256: 4bb660f3c5aa9eb76026b3e4ac7029946e37bc970be604614a4badefaffb2e03
      size: 2547
  original:
    hackage: http-client-0.7.13.1@sha256:6480749144f27919547733262f06a6ae3c759b57b692af53f9beb309d05a1699,5777
- completed:
    hackage: http-client-tls-0.3.6.1@sha256:c986b98a06ddde487fcfe139f024717d9263c61037ff45a4c63dae93b290c27f,2042
    pantry-tree:
      sha256: ac30cb48175d969b839bbcef4b8b1dc3d970751fdf030fcd4df34e0fb62e228a
      size: 435
  original:
    hackage: http-client-tls-0.3.6.1@sha256:c986b98a06ddde487fcfe139f024717d9263c61037ff45a4c63dae93b290c27f,2042
- completed:
    hackage: http-types-0.12.3@sha256:f35229edb1bc7b3ae27f961b2407dadb5bfa69d43a8f5337ab46cdc79ca4afe9,2035
    pantry-tree:
      sha256: c9b77e1ba204fffbe4e1be80412bc48e47440a07e4b7db4cdc77d573a3e21b9a
      size: 833
  original:
    hackage: http-types-0.12.3@sha256:f35229edb1bc7b3ae27f961b2407dadb5bfa69d43a8f5337ab46cdc79ca4afe9,2035
- completed:
    hackage: indexed-traversable-0.1.2@sha256:52a1b708abd921f91a5977f6ae53c4aa2b33f7c30be0fff17173f658b34c5350,2533
    pantry-tree:
      sha256: 0bedadc62cad982ab85dc4d57ca7cf353b526a46fd203addd9bf8b7cf0136c25
      size: 495
  original:
    hackage: indexed-traversable-0.1.2@sha256:52a1b708abd921f91a5977f6ae53c4aa2b33f7c30be0fff17173f658b34c5350,2533
- completed:
    hackage: monad-control-1.0.3.1@sha256:2d657279839e1a760c86a69f00f0c36473ef6972d413ec0f83a40249c70e098e,2365
    pantry-tree:
      sha256: f6b2e10b7ad03cbc2bd1df28543c9d514d54bd39833e318b48e5f0998d876df5
      size: 292
  original:
    hackage: monad-control-1.0.3.1@sha256:2d657279839e1a760c86a69f00f0c36473ef6972d413ec0f83a40249c70e098e,2365
- completed:
    hackage: primitive-0.8.0.0@sha256:826bf2a702a26ef87532a135808abad69d74f70ead39f26c06d034b1f0537a19,3104
    pantry-tree:
      sha256: eaf8b0689d5a3cbc38b5a5b4bf665ec5822ad0060e8876b26bf6f13b9741295a
      size: 1721
  original:
    hackage: primitive-0.8.0.0@sha256:826bf2a702a26ef87532a135808abad69d74f70ead39f26c06d034b1f0537a19,3104
- completed:
    hackage: process-1.6.17.0@sha256:49d8a7f372d35363011591b253cae4c8db8b9ec594590448e20b7bed7acaee98,2845
    pantry-tree:
      sha256: cfcb73c1a6a3f653f02e838e146d36505c1506d8bf57a4bb306d7ca905110a9e
      size: 1545
  original:
    hackage: process-1.6.17.0@sha256:49d8a7f372d35363011591b253cae4c8db8b9ec594590448e20b7bed7acaee98,2845
- completed:
    hackage: profunctors-5.6.2@sha256:3d3685119243a7ebf984fa6af03299d156ab7674a432e2e15ecee2a4fd420fb6,2483
    pantry-tree:
      sha256: 2a839845b75d600ab5a51c582a740de87805f794caa5836b6a16250d9b535789
      size: 1588
  original:
    hackage: profunctors-5.6.2@sha256:3d3685119243a7ebf984fa6af03299d156ab7674a432e2e15ecee2a4fd420fb6,2483
- completed:
    hackage: reflection-2.1.7@sha256:3e6ff7b582e98d8c6f84387cb37627e94831646ddab0586786a9782fe799a5dc,4368
    pantry-tree:
      sha256: edbeb8fa5aa799d1691d12ab5c3f04322f026dee592f4121a98fa7687b154ad7
      size: 1060
  original:
    hackage: reflection-2.1.7@sha256:3e6ff7b582e98d8c6f84387cb37627e94831646ddab0586786a9782fe799a5dc,4368
- completed:
    hackage: retry-0.9.3.0@sha256:add44b9b2add217df6f5293785e8b592cdb3721a3a70250a951ebc7b227fd8b0,2426
    pantry-tree:
      sha256: e2dbd5a5605e55e2c028ead250a5b7f7bf1065a34700fbde6eb961c854623c5b
      size: 564
  original:
    hackage: retry-0.9.3.0@sha256:add44b9b2add217df6f5293785e8b592cdb3721a3a70250a951ebc7b227fd8b0,2426
- completed:
    hackage: scientific-0.3.7.0@sha256:57451a0a7f62af85958c21a8ef79358c8a45b467f39d78ee5d51074d12e4c718,4854
    pantry-tree:
      sha256: b22882b1a64b5485880d03cc518131d0e377e9c1f53d7e36bdae1842adfa21df
      size: 657
  original:
    hackage: scientific-0.3.7.0@sha256:57451a0a7f62af85958c21a8ef79358c8a45b467f39d78ee5d51074d12e4c718,4854
- completed:
    hackage: semialign-1.2.0.1@sha256:ee3468e349e72ec0a604ae05573a4de7181d97d10366254244a0cca8a76d6c35,2852
    pantry-tree:
      sha256: 5d5420cd362beee642537472026ba42cf7f9c75e423b9ecc4a1b3482e247375b
      size: 537
  original:
    hackage: semialign-1.2.0.1@sha256:ee3468e349e72ec0a604ae05573a4de7181d97d10366254244a0cca8a76d6c35,2852
- completed:
    hackage: strict-0.4.0.1@sha256:d6205a748eb8db4cd17a7179be970c94598809709294ccfa43159c7f3cc4bf5d,4187
    pantry-tree:
      sha256: 2a8171b3ff2960552163a6e1dbb640b83e049f22a5b7764cc27c0941334496bd
      size: 654
  original:
    hackage: strict-0.4.0.1@sha256:d6205a748eb8db4cd17a7179be970c94598809709294ccfa43159c7f3cc4bf5d,4187
- completed:
    hackage: tagged-0.8.7@sha256:9013e1491dc0d291cb37c2845973293a03c230374f44792bfc96e14fdfb426dc,2880
    pantry-tree:
      sha256: a5b3d421c0bfd9f764e31639f4c844b5737810be2b683923142096fc5ab60efe
      size: 496
  original:
    hackage: tagged-0.8.7@sha256:9013e1491dc0d291cb37c2845973293a03c230374f44792bfc96e14fdfb426dc,2880
- completed:
    hackage: text-2.0.2@sha256:d495b2a2a53da7e66163477a5837d2109074f8818fc938739b9ecf27d506050a,9565
    pantry-tree:
      sha256: 278df79382157ad1bd9fe18ce3836cf0278348f140a656280396b71991353d9e
      size: 7514
  original:
    hackage: text-2.0.2@sha256:d495b2a2a53da7e66163477a5837d2109074f8818fc938739b9ecf27d506050a,9565
- completed:
    hackage: text-short-0.1.5@sha256:ebb77383743e214138cf9387875bc7d2665c5584b2e489fe1461240f19e7b53e,3161
    pantry-tree:
      sha256: 84bd9a189cbf9f9809801463ee59198b741048c0ea4292a9094ae1d913111d7d
      size: 727
  original:
    hackage: text-short-0.1.5@sha256:ebb77383743e214138cf9387875bc7d2665c5584b2e489fe1461240f19e7b53e,3161
- completed:
    hackage: th-abstraction-0.5.0.0@sha256:4351cadf6bf0ca80c90225bae0b12f4cfdd550f30c333b050186af5a8bc19457,2236
    pantry-tree:
      sha256: f1e547789ee75cf1d880c2dd6498254e9a37de052842b573b43c4b4a1ebcfd6d
      size: 670
  original:
    hackage: th-abstraction-0.5.0.0@sha256:4351cadf6bf0ca80c90225bae0b12f4cfdd550f30c333b050186af5a8bc19457,2236
- completed:
    hackage: these-1.1.1.1@sha256:2991c13e264b0c35c696c8f5f85c428c53bc42e93b1dfbd19a582052112d948a,2748
    pantry-tree:
      sha256: 5063da27208998081b81011c0f1d72303b17f343221aac1867d3d9771539f817
      size: 351
  original:
    hackage: these-1.1.1.1@sha256:2991c13e264b0c35c696c8f5f85c428c53bc42e93b1dfbd19a582052112d948a,2748
- completed:
    hackage: time-compat-1.9.6.1@sha256:5cf5fa19d32742816fa1423085cbfd626aef433101c0b97bf0e8f720a6f369d8,5047
    pantry-tree:
      sha256: 69e1147f83d481b1a816d5d7cf84690bcd8ba1be66bc210bce9d0619098df374
      size: 4113
  original:
    hackage: time-compat-1.9.6.1@sha256:5cf5fa19d32742816fa1423085cbfd626aef433101c0b97bf0e8f720a6f369d8,5047
- completed:
    hackage: transformers-base-0.4.6@sha256:6f18f320e371c8954c4b6b211e2fdd5d15a6d6310bd605b9d640f47ede408961,1643
    pantry-tree:
      sha256: 6c2d24a9678865e2a5f4b6286cb17228673a6987fb546bf07b89ffbd19716ad2
      size: 275
  original:
    hackage: transformers-base-0.4.6@sha256:6f18f320e371c8954c4b6b211e2fdd5d15a6d6310bd605b9d640f47ede408961,1643
- completed:
    hackage: transformers-compat-0.7.2@sha256:044fb9955f63ee138fcebedfdcbe54afe741f2d5892a2d0bdf3a8052bd342643,5601
    pantry-tree:
      sha256: f49610c6a2faf82111e5d4222576f4afbcfa904bf56665232c5aa077dfc7578f
      size: 1724
  original:
    hackage: transformers-compat-0.7.2@sha256:044fb9955f63ee138fcebedfdcbe54afe741f2d5892a2d0bdf3a8052bd342643,5601
- completed:
    hackage: unliftio-core-0.2.1.0@sha256:9fc3506770b16cdc73114307f854d56ddb96c7b930e7a5ed9b48cd0a8f33fca6,1004
    pantry-tree:
      sha256: 32c04ca24f220513837e1eec39a30c06054e670126c136aed38c5b4aab4d357b
      size: 328
  original:
    hackage: unliftio-core-0.2.1.0@sha256:9fc3506770b16cdc73114307f854d56ddb96c7b930e7a5ed9b48cd0a8f33fca6,1004
- completed:
    hackage: unordered-containers-0.2.19.1@sha256:db11042bb0356c0adea277d0794743829125b4c99455af6af2bd5f7bd5e88a39,3797
    pantry-tree:
      sha256: ac7a077274515b8afdf98138177b2fd2293c8bb346c5ec5caf2c5999da495112
      size: 1517
  original:
    hackage: unordered-containers-0.2.19.1@sha256:db11042bb0356c0adea277d0794743829125b4c99455af6af2bd5f7bd5e88a39,3797
- completed:
    hackage: uuid-types-1.0.5@sha256:9ca76986e3950af5e908502be2373e2292d6dc57ec10f5aeb41d7dc3a1961782,2622
    pantry-tree:
      sha256: ec4e910b8406cfcd8c13ad438a842c40c2a2c9c908fdbc2c80bab1dad52bed09
      size: 480
  original:
    hackage: uuid-types-1.0.5@sha256:9ca76986e3950af5e908502be2373e2292d6dc57ec10f5aeb41d7dc3a1961782,2622
- completed:
    hackage: vector-0.13.0.0@sha256:fa5cac81a17a5af388716792e8b99c24b3b66770086756d0d8b23f8272a0244c,9112
    pantry-tree:
      sha256: d2461d28022c8c0a91da08b579b1bff478f617102d2f5ef596cc5b28d14b8b6a
      size: 4092
  original:
    hackage: vector-0.13.0.0@sha256:fa5cac81a17a5af388716792e8b99c24b3b66770086756d0d8b23f8272a0244c,9112
- completed:
    hackage: witherable-0.4.2@sha256:cccb36175e088abb4291ee5044b8c04d71acd5c36636902d2520f91508dd4bb8,2294
    pantry-tree:
      sha256: 614b5410bc909e3f230d440c9c2de812d77490c955929ff8e4eed592e7696fcf
      size: 384
  original:
    hackage: witherable-0.4.2@sha256:cccb36175e088abb4291ee5044b8c04d71acd5c36636902d2520f91508dd4bb8,2294
- completed:
    hackage: RSA-2.4.1@sha256:b52a764965cd10756646cc39eadcbc566e131181a75f2a13c621697f4b06d76b,2467
    pantry-tree:
      sha256: 2c55aa07193c51560d597aae6ec7dffbf95e977ca1bbdbb6ae9106068330264f
      size: 403
  original:
    hackage: RSA-2.4.1@sha256:b52a764965cd10756646cc39eadcbc566e131181a75f2a13c621697f4b06d76b,2467
- completed:
    hackage: SHA-1.6.4.4@sha256:3b7523df3e2186ae8c5ac78c745efb586814afe9c775b886a747556d9f4d429c,4920
    pantry-tree:
      sha256: c03bb11d42a31b3d371761f0b48adc4ca8ed43393c37130a2de788db02d090ae
      size: 326
  original:
    hackage: SHA-1.6.4.4@sha256:3b7523df3e2186ae8c5ac78c745efb586814afe9c775b886a747556d9f4d429c,4920
- completed:
    hackage: StateVar-1.2.2@sha256:3c022c00485fe165e3080d5da6b3ca9c9b02f62c5deebc584d1b3d1309ce673e,1673
    pantry-tree:
      sha256: 204cac98219e99334f47b12c565945611748ea03a4d629273dd697d738bcfd7f
      size: 314
  original:
    hackage: StateVar-1.2.2@sha256:3c022c00485fe165e3080d5da6b3ca9c9b02f62c5deebc584d1b3d1309ce673e,1673
- completed:
    hackage: assoc-1.0.2@sha256:93b8d43aa081e4205116a139f7cf690f608968161d19ebfb23d884d19b082b57,1253
    pantry-tree:
      sha256: 75f4b3f498c9e1c9c2ea31be90be580231b55ed7a5002a505fae13aeaed2d3d4
      size: 290
  original:
    hackage: assoc-1.0.2@sha256:93b8d43aa081e4205116a139f7cf690f608968161d19ebfb23d884d19b082b57,1253
- completed:
    hackage: async-2.2.4@sha256:2b9409023536823233ce3134558565d01b3382e651fa54ac8cb8a99967e023c9,3095
    pantry-tree:
      sha256: c0ae9bb497eb1ba805d811b2a77f058301b092c6a4a733673fda9d9a85e8ba05
      size: 501
  original:
    hackage: async-2.2.4@sha256:2b9409023536823233ce3134558565d01b3382e651fa54ac8cb8a99967e023c9,3095
- completed:
    hackage: attoparsec-iso8601-1.1.0.0@sha256:29d590f21adc4112973ad5e874d095f8b403b886932fe7e15567b239f5483539,1370
    pantry-tree:
      sha256: 7eddd7d3bd0f3d51a3b0fe8284ed996bc2bf83effc8cf6afce360e5f0e54fbe5
      size: 361
  original:
    hackage: attoparsec-iso8601-1.1.0.0@sha256:29d590f21adc4112973ad5e874d095f8b403b886932fe7e15567b239f5483539,1370
- completed:
    hackage: base-compat-0.12.2@sha256:85d820a15e3f00f1781ac939cb9cdccdcc6f38c43e4c74a6e83e5d75f67b61a0,6960
    pantry-tree:
      sha256: 67b3f19a22ea6de8aee52eb840225d8cb185c1530366cfe813a32229cf66118f
      size: 9038
  original:
    hackage: base-compat-0.12.2@sha256:85d820a15e3f00f1781ac939cb9cdccdcc6f38c43e4c74a6e83e5d75f67b61a0,6960
- completed:
    hackage: base-orphans-0.8.7@sha256:58d5514b688ec037f53b9d60097b9d87f6b3847da68f65124987d67222c3a334,3175
    pantry-tree:
      sha256: b2433cf19ebc5696130ecf39a3ed756cdb00fd508423643b0cdd6f125c9803da
      size: 1272
  original:
    hackage: base-orphans-0.8.7@sha256:58d5514b688ec037f53b9d60097b9d87f6b3847da68f65124987d67222c3a334,3175
- completed:
    hackage: base64-bytestring-1.2.1.0@sha256:50ec0e229255d4c45cbdd568da011311b8887f304b931564886016f4984334d8,2396
    pantry-tree:
      sha256: 1154783dd163be45502456716ca44c4244d0aa6e7cf1aa4e7763efb3485a509c
      size: 850
  original:
    hackage: base64-bytestring-1.2.1.0@sha256:50ec0e229255d4c45cbdd568da011311b8887f304b931564886016f4984334d8,2396
- completed:
    hackage: basement-0.0.15@sha256:2bf8ea6a351fb049399ccf1fa2c2513ddb0d8274b87bd9146ed7603fa06cd8a8,5404
    pantry-tree:
      sha256: 0ab19e9c07571797bc6c278bcc3fa2e7d056d2e8be368784a2f4d8f0e2ca43ba
      size: 5799
  original:
    hackage: basement-0.0.15@sha256:2bf8ea6a351fb049399ccf1fa2c2513ddb0d8274b87bd9146ed7603fa06cd8a8,5404
- completed:
    hackage: bifunctors-5.5.15@sha256:5ebaf9a1996de38ad9d77bec37a5585b6461b34f39446e8f1cadae7689a12bfd,3850
    pantry-tree:
      sha256: bd0078109e197194f4daa103c0d9f520ed2e6550ef0b11de2c17bd1ad0d3f19c
      size: 1758
  original:
    hackage: bifunctors-5.5.15@sha256:5ebaf9a1996de38ad9d77bec37a5585b6461b34f39446e8f1cadae7689a12bfd,3850
- completed:
    hackage: binary-0.8.9.1@sha256:81f468c1c75fd6535152ab69b2d32ac6cfcc03e345267b069abe4da56ec95801,6523
    pantry-tree:
      sha256: 956ecd662408f69615977b87a92e042abcdc447b7824b8aabf5788c4393c10c5
      size: 1976
  original:
    hackage: binary-0.8.9.1@sha256:81f468c1c75fd6535152ab69b2d32ac6cfcc03e345267b069abe4da56ec95801,6523
- completed:
    hackage: colour-2.3.6@sha256:ebdcbf15023958838a527e381ab3c3b1e99ed12d1b25efeb7feaa4ad8c37664a,2378
    pantry-tree:
      sha256: 03f8e22f364deb86098dbfbe0bf83c896437b2355f139abdac0402658fb6ac7e
      size: 1183
  original:
    hackage: colour-2.3.6@sha256:ebdcbf15023958838a527e381ab3c3b1e99ed12d1b25efeb7feaa4ad8c37664a,2378
- completed:
    hackage: comonad-5.0.8@sha256:1f1aabd73ec7f80f20cf078a748a60cd48d8e57277802fdf6a9ab3601a9b8f7e,3631
    pantry-tree:
      sha256: 394660fe7fa4127e5a181890bce28b9fcd6eb180ba25aa5566bc8b5bdd385517
      size: 1618
  original:
    hackage: comonad-5.0.8@sha256:1f1aabd73ec7f80f20cf078a748a60cd48d8e57277802fdf6a9ab3601a9b8f7e,3631
- completed:
    hackage: cookie-0.4.6@sha256:00f3a7d5604a3ccbfe89b9c52f8eb1edea753dc273d015333895118f32683ecd,1517
    pantry-tree:
      sha256: 8761320dd1ea21f2dee85336e05b6875503e83ddb66274614998ff91abe54d62
      size: 360
  original:
    hackage: cookie-0.4.6@sha256:00f3a7d5604a3ccbfe89b9c52f8eb1edea753dc273d015333895118f32683ecd,1517
- completed:
    hackage: crypto-pubkey-types-0.4.3@sha256:9bcf9ec7045f1043edac2b8331d9120bc055083578dbd953a3cccfc7452d9e8c,1053
    pantry-tree:
      sha256: c9825900454e9bc64c2e421d701da2bfe66ad9cd0c26ead2133bf082597aec36
      size: 500
  original:
    hackage: crypto-pubkey-types-0.4.3@sha256:9bcf9ec7045f1043edac2b8331d9120bc055083578dbd953a3cccfc7452d9e8c,1053
- completed:
    hackage: cryptonite-0.30@sha256:12c85dea7be63e5ad90bcb487eb3846bf3c413347f94336fa1dede7b28f9936a,18301
    pantry-tree:
      sha256: df1cbe4cc40d569cc75ffed40bc5deac43cb085653980b42b9b6a5d4b745a30a
      size: 23323
  original:
    hackage: cryptonite-0.30@sha256:12c85dea7be63e5ad90bcb487eb3846bf3c413347f94336fa1dede7b28f9936a,18301
- completed:
    hackage: data-default-0.7.1.1@sha256:2804e8d14f521a1edee88b68b66347448e7f3b685868290fdc55930e4471f5a9,645
    pantry-tree:
      sha256: 1db0dcb6890feff1b87ea180a4c4a0611cda399a700822bd75970a2b7ad02dbc
      size: 212
  original:
    hackage: data-default-0.7.1.1@sha256:2804e8d14f521a1edee88b68b66347448e7f3b685868290fdc55930e4471f5a9,645
- completed:
    hackage: data-default-class-0.1.2.0@sha256:63e62120b7efd733a5a17cf59ceb43268e9a929c748127172d7d42f4a336e327,542
    pantry-tree:
      sha256: 5017630b11698aefa65fc61cab84a257ce97833c968d425e1b2d53d6c3b5c096
      size: 224
  original:
    hackage: data-default-class-0.1.2.0@sha256:63e62120b7efd733a5a17cf59ceb43268e9a929c748127172d7d42f4a336e327,542
- completed:
    hackage: distributive-0.6.2.1@sha256:0f99f5541cca04acf89b64432b03422b6408e830a8dff30e6c4334ef1a48680c,2996
    pantry-tree:
      sha256: a42bed5fe0ba295643538312dee6c9436314c05a6f7efdd32b4303979f8bd744
      size: 735
  original:
    hackage: distributive-0.6.2.1@sha256:0f99f5541cca04acf89b64432b03422b6408e830a8dff30e6c4334ef1a48680c,2996
- completed:
    hackage: indexed-traversable-instances-0.1.1.2@sha256:bb4bc912f7f85877778239757fce71110358e33e12c58dbae259bdd44284ca88,2500
    pantry-tree:
      sha256: 4177754bfc3334e1b668c4fd921ec2fb21214a7e3fb59ef0d616b22d12291ff5
      size: 366
  original:
    hackage: indexed-traversable-instances-0.1.1.2@sha256:bb4bc912f7f85877778239757fce71110358e33e12c58dbae259bdd44284ca88,2500
- completed:
    hackage: integer-logarithms-1.0.3.1@sha256:336fb40c3af19a59dbeb4e5b7bffe4b4c7fa04ab06006a8d4b70b1febc1bb4ca,3262
    pantry-tree:
      sha256: 529f0879fa0dd5621748208df9451b55e5d8edcc22c0e6639666f6196d6636eb
      size: 865
  original:
    hackage: integer-logarithms-1.0.3.1@sha256:336fb40c3af19a59dbeb4e5b7bffe4b4c7fa04ab06006a8d4b70b1febc1bb4ca,3262
- completed:
    hackage: iproute-1.7.12@sha256:85d181599fab8ceebf4c849110ad571bea2834d6c8c95ae7da33856c42453f40,2999
    pantry-tree:
      sha256: 0f4179868c6f644d7ba8d4d6ccaefd13ae17ff1cd188c924ef4c2db40d1c4f02
      size: 962
  original:
    hackage: iproute-1.7.12@sha256:85d181599fab8ceebf4c849110ad571bea2834d6c8c95ae7da33856c42453f40,2999
- completed:
    hackage: memory-0.18.0@sha256:e12bde756b01c1a28c62e46f0f8433c4890898051a786794a7d88907ca14abca,4468
    pantry-tree:
      sha256: 55d15393452ad50b1f8dbe3ff2c4961a3cde9381f2c348f904449a3339c6951d
      size: 2436
  original:
    hackage: memory-0.18.0@sha256:e12bde756b01c1a28c62e46f0f8433c4890898051a786794a7d88907ca14abca,4468
- completed:
    hackage: mime-types-0.1.1.0@sha256:c68f421c569e325ec4c5595a6916cc6336cf11c7f11bc569a62c6a32214454ad,862
    pantry-tree:
      sha256: 459281e2cec123c1d56c99173a4c1696b62ee0eb8986c3a51d4ff8b8a4eee807
      size: 312
  original:
    hackage: mime-types-0.1.1.0@sha256:c68f421c569e325ec4c5595a6916cc6336cf11c7f11bc569a62c6a32214454ad,862
- completed:
    hackage: mtl-compat-0.2.2@sha256:4257fb56e5690734973aad060010bec6c2857f5c1ac6cf87fc335ed3bc7c85f4,3333
    pantry-tree:
      sha256: 73dd4eacfba46bea22462e6fda23367e346ffc96286b1a90e9347dffc571cd48
      size: 324
  original:
    hackage: mtl-compat-0.2.2@sha256:4257fb56e5690734973aad060010bec6c2857f5c1ac6cf87fc335ed3bc7c85f4,3333
- completed:
    hackage: network-3.1.2.8@sha256:29b28d2e19ae9f5ff92cea4ab8d2e185408ee5de73b4127f7b485a904c9a8b15,4888
    pantry-tree:
      sha256: 3781923e8d4339a64793c349688fcdec7e348e213a1ee2a55f6e0ec43f860844
      size: 3971
  original:
    hackage: network-3.1.2.8@sha256:29b28d2e19ae9f5ff92cea4ab8d2e185408ee5de73b4127f7b485a904c9a8b15,4888
- completed:
    hackage: network-uri-2.6.4.2@sha256:1fde59abf5d82a9666b4415bc2b2e9e33f6c1309074fda12d50410c7dbd95f3b,3163
    pantry-tree:
      sha256: e3207c9d8e66132972ff22c57ecd3360a7af59d107946ccfbf3a7fbc24d55308
      size: 551
  original:
    hackage: network-uri-2.6.4.2@sha256:1fde59abf5d82a9666b4415bc2b2e9e33f6c1309074fda12d50410c7dbd95f3b,3163
- completed:
    hackage: random-1.2.1.1@sha256:dea1f11e5569332dc6c8efaad1cb301016a5587b6754943a49f9de08ae0e56d9,6541
    pantry-tree:
      sha256: 646ee77fe01178837ee928b61ae8653dcf190e9b5353ebebd094079c77a18b76
      size: 1528
  original:
    hackage: random-1.2.1.1@sha256:dea1f11e5569332dc6c8efaad1cb301016a5587b6754943a49f9de08ae0e56d9,6541
- completed:
    hackage: semigroupoids-5.3.7@sha256:ac093739682f0dc7a37698b423590dc0f1ca89fed908fbbc5a73a44beefa7d18,7721
    pantry-tree:
      sha256: 210c79c309f5f2837a699c18ffaf795a8c4944c218ca1938475c55a805b3d614
      size: 2404
  original:
    hackage: semigroupoids-5.3.7@sha256:ac093739682f0dc7a37698b423590dc0f1ca89fed908fbbc5a73a44beefa7d18,7721
- completed:
    hackage: socks-0.6.1@sha256:ac190808eea704672df18f702e8f2ad0b7a4d0af528e95ee55ea6ee0be672e2a,1258
    pantry-tree:
      sha256: 53d29c06c42e737ae99660e077c7c4b286f1272b3394ad7f74163867a5b3b8fa
      size: 692
  original:
    hackage: socks-0.6.1@sha256:ac190808eea704672df18f702e8f2ad0b7a4d0af528e95ee55ea6ee0be672e2a,1258
- completed:
    hackage: splitmix-0.1.0.4@sha256:db25c2e17967aa6b6046ab8b1b96ba3f344ca59a62b60fb6113d51ea305a3d8e,6537
    pantry-tree:
      sha256: d0ee67a1005ff3b666d3edce14e0b1f9ff966de7d090f6340fd436d958293839
      size: 1519
  original:
    hackage: splitmix-0.1.0.4@sha256:db25c2e17967aa6b6046ab8b1b96ba3f344ca59a62b60fb6113d51ea305a3d8e,6537
- completed:
    hackage: streaming-commons-0.2.2.5@sha256:34959abee70e63d370b5a4bee0bc3483c66d1e53906fb5e13844ae8b9a62a4a3,4813
    pantry-tree:
      sha256: 13e522387923f3f922f1619afffc8ffa45a8aafc24e0a9a9cc93a8c406f03856
      size: 2947
  original:
    hackage: streaming-commons-0.2.2.5@sha256:34959abee70e63d370b5a4bee0bc3483c66d1e53906fb5e13844ae8b9a62a4a3,4813
- completed:
    hackage: tls-1.6.0@sha256:7ae39373fd2de27fb80e90f76d22aeeb9a074a0ddd120cbd02c9c52f516a9e55,6987
    pantry-tree:
      sha256: a64b0c6cdfc37b48ebb7c0e30fe23a0e1a172baf3819ff6d0ca281ae4a56041a
      size: 4897
  original:
    hackage: tls-1.6.0@sha256:7ae39373fd2de27fb80e90f76d22aeeb9a074a0ddd120cbd02c9c52f516a9e55,6987
- completed:
    hackage: unix-2.8.1.0@sha256:26eeda14432a2fcc6049045068ecf59525ffff9196616a642b5ab2326a003692,7280
    pantry-tree:
      sha256: c55ba8fc904e7c605d82c24c40bae1db7dc5002ba8876508e4fb534d7585cf16
      size: 5573
  original:
    hackage: unix-2.8.1.0@sha256:26eeda14432a2fcc6049045068ecf59525ffff9196616a642b5ab2326a003692,7280
- completed:
    hackage: vector-stream-0.1.0.0@sha256:f5d6d5291cd1b5f2f063403593f1f5c8127d692c888eedeb3e1eb40497a88dca,1404
    pantry-tree:
      sha256: 7abf33cdd9ebda41c864f83e860612eee6bd2dfae0484eb8922900ad5a79160d
      size: 325
  original:
    hackage: vector-stream-0.1.0.0@sha256:f5d6d5291cd1b5f2f063403593f1f5c8127d692c888eedeb3e1eb40497a88dca,1404
- completed:
    hackage: x509-1.7.7@sha256:90eef2d745a654146fc1c325e035eaddac531e4d2145d4bc1dcf4b8fad439d34,2276
    pantry-tree:
      sha256: d81ffd09633c0417bcedbfc29f870cc843ec0750edd2f73c8fd60a5e5df278d2
      size: 1124
  original:
    hackage: x509-1.7.7@sha256:90eef2d745a654146fc1c325e035eaddac531e4d2145d4bc1dcf4b8fad439d34,2276
- completed:
    hackage: x509-store-1.6.9@sha256:1f1abeab5bacf1407b920d0f34f4c35a5ad450ff0d8121cd3dc76460f81e711d,1716
    pantry-tree:
      sha256: 9fc5a6a997af3569c79d5062534cc9836721b39df86bef56308f209164ab500d
      size: 398
  original:
    hackage: x509-store-1.6.9@sha256:1f1abeab5bacf1407b920d0f34f4c35a5ad450ff0d8121cd3dc76460f81e711d,1716
- completed:
    hackage: x509-system-1.6.7@sha256:45ddd5db19f18be80614e058e8838765f2749a8afcfd2b292bd6afb36820a3c0,1492
    pantry-tree:
      sha256: bc736fef360079192c471d5cf122f696442f29e5332aaa45f1d8571f50a4210e
      size: 391
  original:
    hackage: x509-system-1.6.7@sha256:45ddd5db19f18be80614e058e8838765f2749a8afcfd2b292bd6afb36820a3c0,1492
- completed:
    hackage: x509-validation-1.6.12@sha256:4f4af20ec77f02c042ecd4726c195bb0e0b694b336de81e7bd4515b2917bd9bc,2169
    pantry-tree:
      sha256: f95c21aa9671b10f9384b89c018874246f68220b63266172b47a747b62695e23
      size: 631
  original:
    hackage: x509-validation-1.6.12@sha256:4f4af20ec77f02c042ecd4726c195bb0e0b694b336de81e7bd4515b2917bd9bc,2169
- completed:
    hackage: appar-0.1.8@sha256:a5d529bacbb74d566e4c5f9479af0637eac5957705f6db4d2670517489795de8,1070
    pantry-tree:
      sha256: c8bae7bc8c04b6c3593b48f19f1d626face90832f268f6857aba934bccd4272d
      size: 506
  original:
    hackage: appar-0.1.8@sha256:a5d529bacbb74d566e4c5f9479af0637eac5957705f6db4d2670517489795de8,1070
- completed:
    hackage: asn1-encoding-0.9.6@sha256:27ed8f6043aed79630313bb931f7c8e2b510f0b4586cd55c16ae040c7d1ea098,2060
    pantry-tree:
      sha256: 09963511234ed8fdd0682b10e8366de5105cc513d4daa014d7990496b788b122
      size: 981
  original:
    hackage: asn1-encoding-0.9.6@sha256:27ed8f6043aed79630313bb931f7c8e2b510f0b4586cd55c16ae040c7d1ea098,2060
- completed:
    hackage: asn1-parse-0.9.5@sha256:77c0126d63070df2d82cb4cfa4febb26c4e280f6d854bc778c2fa4d80ce692b8,976
    pantry-tree:
      sha256: 2a6766aa05af5b045ff2d097b5f99621f983d471e254079ef4e56acff26b2248
      size: 212
  original:
    hackage: asn1-parse-0.9.5@sha256:77c0126d63070df2d82cb4cfa4febb26c4e280f6d854bc778c2fa4d80ce692b8,976
- completed:
    hackage: asn1-types-0.3.4@sha256:8e879b3a5bbdd0031232eb84d904b5a3a2c20a18847692b996d774f4ff811355,1025
    pantry-tree:
      sha256: 254adba538008f12853e83b8909ba11ef11e9b8bcb1edc3a97dc6fdb29dad45a
      size: 525
  original:
    hackage: asn1-types-0.3.4@sha256:8e879b3a5bbdd0031232eb84d904b5a3a2c20a18847692b996d774f4ff811355,1025
- completed:
    hackage: byteorder-1.0.4@sha256:a952817dcbe20af0346fb55a28c13e95e2ddbf3e99f9b4fffdc063f150f13b20,636
    pantry-tree:
      sha256: 1544dc41983f7fe963740d9a8ce2aec1daef17bcb0916fda253dbfa73a14c77a
      size: 212
  original:
    hackage: byteorder-1.0.4@sha256:a952817dcbe20af0346fb55a28c13e95e2ddbf3e99f9b4fffdc063f150f13b20,636
- completed:
    hackage: cereal-0.5.8.3@sha256:87a227c7b510217ea059db3dd59d9665edd8f0d1d3d8de39458e371a1d9402fb,2767
    pantry-tree:
      sha256: 2d570ae699908d131b63fe176115809982f86ec4589cdbf42848aa2ca79209cb
      size: 641
  original:
    hackage: cereal-0.5.8.3@sha256:87a227c7b510217ea059db3dd59d9665edd8f0d1d3d8de39458e371a1d9402fb,2767
- completed:
    hackage: crypto-api-0.13.3@sha256:e572c0cdc58ba6773ea200ea5261d6bf5fc116d910b52cf1c671d85b940ed6fc,2366
    pantry-tree:
      sha256: 73b31229fc38562b8eec3cb5f7ad828a44bf7820bf3196c9113d64ad13578fc1
      size: 903
  original:
    hackage: crypto-api-0.13.3@sha256:e572c0cdc58ba6773ea200ea5261d6bf5fc116d910b52cf1c671d85b940ed6fc,2366
- completed:
    hackage: data-default-instances-containers-0.0.1@sha256:6e1f4b28028a3bc455aaf4b5a9104b71ea72cff78b1b8041863df7afd1a8deb3,527
    pantry-tree:
      sha256: 3e61b45fb5aa231cff29025b1d36561d7d6b17fa91cdddd15d854615a3fe1ae0
      size: 254
  original:
    hackage: data-default-instances-containers-0.0.1@sha256:6e1f4b28028a3bc455aaf4b5a9104b71ea72cff78b1b8041863df7afd1a8deb3,527
- completed:
    hackage: data-default-instances-dlist-0.0.1@sha256:4286abacbb256c392907701be16986a6e07f2beaf2778e7bd925465655d9e301,507
    pantry-tree:
      sha256: 705ebc2408e66631dac47e400fd963deaefe8a55de662b5f1950c47a590632ce
      size: 244
  original:
    hackage: data-default-instances-dlist-0.0.1@sha256:4286abacbb256c392907701be16986a6e07f2beaf2778e7bd925465655d9e301,507
- completed:
    hackage: data-default-instances-old-locale-0.0.1@sha256:d4a757f68f0f83531fcb34a4525fe6769c54a45182e28ffdfff19c2b0ace42fb,526
    pantry-tree:
      sha256: 91a62d701bea1432cc0126dd25005a4480e4a5082b2fae5e9d36f96fb8bbffb5
      size: 253
  original:
    hackage: data-default-instances-old-locale-0.0.1@sha256:d4a757f68f0f83531fcb34a4525fe6769c54a45182e28ffdfff19c2b0ace42fb,526
- completed:
    hackage: hourglass-0.2.12@sha256:e083f5e030dfebe432e30a9c0fa07a99a54eac992f622442646be561fd7a44e8,3085
    pantry-tree:
      sha256: 2b452cfac948057203679468e3e856e7fdf884c3c051f42bc52ba6253ca896e0
      size: 1605
  original:
    hackage: hourglass-0.2.12@sha256:e083f5e030dfebe432e30a9c0fa07a99a54eac992f622442646be561fd7a44e8,3085
- completed:
    hackage: parsec-3.1.16.1@sha256:5769242043b01bf759b07b7efedcb19607837ee79015fcddde34645664136aed,4691
    pantry-tree:
      sha256: aee875443fc603500dcfcb5bea5c116ebcb990037abcf17e8d7020e493a51476
      size: 2698
  original:
    hackage: parsec-3.1.16.1@sha256:5769242043b01bf759b07b7efedcb19607837ee79015fcddde34645664136aed,4691
- completed:
    hackage: pem-0.2.4@sha256:cc8e62118b783e284dc0fa032f54fe386a3861a948ec88079370a433c103a705,1441
    pantry-tree:
      sha256: 2413dd2c97c72d6e00330057b158973faa6336de068a9be4d6fdcfd474485f77
      size: 425
  original:
    hackage: pem-0.2.4@sha256:cc8e62118b783e284dc0fa032f54fe386a3861a948ec88079370a433c103a705,1441
- completed:
    hackage: th-compat-0.1.4@sha256:6ca77c4e80b4e4109e30549c269631a9cc295c8fc2431ce4123972a5f80f7bfc,3135
    pantry-tree:
      sha256: 263eba2c771ba43657c15c4f0b1989d88b92ba6acdba6f854b0dcc97366739f1
      size: 530
  original:
    hackage: th-compat-0.1.4@sha256:6ca77c4e80b4e4109e30549c269631a9cc295c8fc2431ce4123972a5f80f7bfc,3135
- completed:
    hackage: zlib-0.6.3.0@sha256:9adce39e4ca0b7a87d45df0a243134816c57059a08e28cff5469c98ae1f54dfc,5367
    pantry-tree:
      sha256: 001b9891fa2afd099df285834a35edd972068dd0501c10cab2cd8108a665c85b
      size: 2622
  original:
    hackage: zlib-0.6.3.0@sha256:9adce39e4ca0b7a87d45df0a243134816c57059a08e28cff5469c98ae1f54dfc,5367
- completed:
    hackage: entropy-0.4.1.10@sha256:219a10d58386831dd742982e85841c16822f5c219b7cc6e5afff86f956c5b935,2784
    pantry-tree:
      sha256: ca524cf25006be36863142f96039eed582943168cb6d9b65eebd449647857e8e
      size: 682
  original:
    hackage: entropy-0.4.1.10@sha256:219a10d58386831dd742982e85841c16822f5c219b7cc6e5afff86f956c5b935,2784
- completed:
    hackage: old-locale-1.0.0.7@sha256:fa998be2c7e00cd26a6e9075bea790caaf3932caa3e9497ad69bc20380dd6911,1071
    pantry-tree:
      sha256: 462ef15cb35164d585aa3860f717c9685fbf05578330490860abd544381d2e24
      size: 263
  original:
    hackage: old-locale-1.0.0.7@sha256:fa998be2c7e00cd26a6e9075bea790caaf3932caa3e9497ad69bc20380dd6911,1071
- completed:
    hackage: Cabal-3.8.1.0@sha256:77121d8e1aff14a0fd95684b751599db78a7dd26d55862d9fcef27c88b193e9d,12609
    pantry-tree:
      sha256: 69af34caaaae2fa5ad24c69b7eead612b896d5c00d742d40ba0c1ae3ab6afd4f
      size: 8955
  original:
    hackage: Cabal-3.8.1.0@sha256:77121d8e1aff14a0fd95684b751599db78a7dd26d55862d9fcef27c88b193e9d,12609
- completed:
    hackage: Cabal-syntax-3.8.1.0@sha256:ed2d937ba6c6a20b75850349eedd41374885fc42369ef152d69e2ba70f44f593,7620
    pantry-tree:
      sha256: ea286f643cc7b11dd7efe98982403515419e0c91909c48007927538358bfc4a3
      size: 11052
  original:
    hackage: Cabal-syntax-3.8.1.0@sha256:ed2d937ba6c6a20b75850349eedd41374885fc42369ef152d69e2ba70f44f593,7620
- completed:
    hackage: hspec-2.10.9@sha256:6000b21e29175be7cf6625399603772650abd3d9c47e722faa930dd5e9836bba,1714
    pantry-tree:
      sha256: 9771ad23bc54e3339706842b3e00890d722dcd66559eed4dcd253f526141c55b
      size: 583
  original:
    hackage: hspec-2.10.9@sha256:6000b21e29175be7cf6625399603772650abd3d9c47e722faa930dd5e9836bba,1714
- completed:
    hackage: hspec-megaparsec-2.2.0@sha256:679b9b91ea0ed0c36d6782d6051a08e0825409d10adbab8c8cfa9c8bd8bfc245,1802
    pantry-tree:
      sha256: 55cfefc7cab71d84528ddc846040c60a27e827e806d39aeba8ca5a2bf0a5e96c
      size: 385
  original:
    hackage: hspec-megaparsec-2.2.0@sha256:679b9b91ea0ed0c36d6782d6051a08e0825409d10adbab8c8cfa9c8bd8bfc245,1802
- completed:
    hackage: hspec-core-2.10.9@sha256:bb2df616e8fc5324a73a621b6eb6461edfad9a9fe39db80927a4cd70cda48437,6670
    pantry-tree:
      sha256: 9b26f1cb9aa57c4381e587f87e5cc8d7f0d17e7d0adea7a5581ed8c72c16da46
      size: 6070
  original:
    hackage: hspec-core-2.10.9@sha256:bb2df616e8fc5324a73a621b6eb6461edfad9a9fe39db80927a4cd70cda48437,6670
- completed:
    hackage: hspec-discover-2.10.9@sha256:e54f978b1bcb3d0fd3a78eccf360b0731184290a1387d431531217db68f55fc4,2169
    pantry-tree:
      sha256: 2650803ddd66d6032ab03a4871a8879feb5787c7e49db43463743f7c06df3a58
      size: 828
  original:
    hackage: hspec-discover-2.10.9@sha256:e54f978b1bcb3d0fd3a78eccf360b0731184290a1387d431531217db68f55fc4,2169
- completed:
    hackage: hspec-expectations-0.8.2@sha256:e2db24881baadc2d9d23b03cb629e80dcbda89a6b04ace9adb5f4d02ef8b31aa,1594
    pantry-tree:
      sha256: cba2c119c85cf68a18d35cccb365d032359442c82ceb93b295020609712d791f
      size: 602
  original:
    hackage: hspec-expectations-0.8.2@sha256:e2db24881baadc2d9d23b03cb629e80dcbda89a6b04ace9adb5f4d02ef8b31aa,1594
- completed:
    hackage: HUnit-1.6.2.0@sha256:1a79174e8af616117ad39464cac9de205ca923da6582825e97c10786fda933a4,1588
    pantry-tree:
      sha256: 4f20a5a33866171260d0ee1e256c27f53cc84d37a68d498c3e12347f4e3d05b4
      size: 878
  original:
    hackage: HUnit-1.6.2.0@sha256:1a79174e8af616117ad39464cac9de205ca923da6582825e97c10786fda933a4,1588
- completed:
    hackage: call-stack-0.4.0@sha256:ac44d2c00931dc20b01750da8c92ec443eb63a7231e8550188cb2ac2385f7feb,1200
    pantry-tree:
      sha256: 04134fa69cdd824b4e4bb7f77e7173e0705f27deabdbbf99549c549400191e1e
      size: 501
  original:
    hackage: call-stack-0.4.0@sha256:ac44d2c00931dc20b01750da8c92ec443eb63a7231e8550188cb2ac2385f7feb,1200
- completed:
    hackage: haskell-lexer-1.1.1@sha256:4ce310678b7e56b51acb558c0233d2f71a3f3553f8a88e9b48c0bc68301f799b,1296
    pantry-tree:
      sha256: 3aee632065f6299466efeb01bf2622b75617a2c55872f8da5a7bc0aff1fc8b88
      size: 588
  original:
    hackage: haskell-lexer-1.1.1@sha256:4ce310678b7e56b51acb558c0233d2f71a3f3553f8a88e9b48c0bc68301f799b,1296
- completed:
    hackage: quickcheck-io-0.2.0@sha256:7bf0b68fb90873825eb2e5e958c1b76126dcf984debb998e81673e6d837e0b2d,1133
    pantry-tree:
      sha256: afaa27fbf8b35aa7ce174abd9c59a84a12fd7f3d08300c3280b22c1d204f11ca
      size: 223
  original:
    hackage: quickcheck-io-0.2.0@sha256:7bf0b68fb90873825eb2e5e958c1b76126dcf984debb998e81673e6d837e0b2d,1133
- completed:
    hackage: setenv-0.1.1.3@sha256:c5916ac0d2a828473cd171261328a290afe0abd799db1ac8c310682fe778c45b,1053
    pantry-tree:
      sha256: 9a071cf2552e6881cd3ac0ce81252d5b96ac7f42cae517d973ea167e3d503265
      size: 212
  original:
    hackage: setenv-0.1.1.3@sha256:c5916ac0d2a828473cd171261328a290afe0abd799db1ac8c310682fe778c45b,1053
- completed:
    hackage: tf-random-0.5@sha256:14012837d0f0e18fdbbe3d56e67da8622ee5e20b180abce952dd50bd9f36b326,3983
    pantry-tree:
      sha256: d6483580cfea846cbf23ff1d7a67849546d5096425b6d61318a34554043b4ffb
      size: 941
  original:
    hackage: tf-random-0.5@sha256:14012837d0f0e18fdbbe3d56e67da8622ee5e20b180abce952dd50bd9f36b326,3983
snapshots: []
